{
    "_meta": {
        "hash": {
            "sha256": "f0c536e19ccfbff5d36b51c4d62e2bf9a91e6e2b3765c2bdf8a1057d9a50c2b1"
        },
        "host-environment-markers": {
            "implementation_name": "cpython",
            "implementation_version": "3.6.2",
            "os_name": "posix",
            "platform_machine": "x86_64",
            "platform_python_implementation": "CPython",
            "platform_release": "17.2.0",
            "platform_system": "Darwin",
            "platform_version": "Darwin Kernel Version 17.2.0: Fri Sep 29 18:27:05 PDT 2017; root:xnu-4570.20.62~3/RELEASE_X86_64",
            "python_full_version": "3.6.2",
            "python_version": "3.6",
            "sys_platform": "darwin"
        },
        "pipfile-spec": 6,
        "requires": {
            "python_version": "3.6"
        },
        "sources": [
            {
                "name": "pypi",
                "url": "https://pypi.python.org/simple",
                "verify_ssl": true
            }
        ]
    },
    "default": {
        "django": {
            "hashes": [
                "sha256:e50c8d4653433413d26ecf25a84ccdcb9c7eac7cd1bb36eed4cd89c71f43064e",
                "sha256:b9806e0d598fd04b29b8ef35aea8c9308b3803c3ce8adab4d342db9cdfd42dfb"
            ],
            "version": "==1.9.8"
        },
        "logger": {
            "hashes": [
                "sha256:4ecac57133c6376fa215f0fe6b4dc4d60e4d1ad8be005cab4e8a702df682f8b3"
            ],
            "version": "==1.4"
        },
        "py": {
            "hashes": [
                "sha256:5ba4f7b0c5ca2606cd487611fa0d26aabe573f80082b86009c3c358f8df6aa3a",
                "sha256:279e117233f205de1e46ec36eb7ffa5999f1bc53ae6bcf06889477ff28e45d83"
            ],
            "version": "==1.4.29"
        },
        "pytelegrambotapi": {
            "hashes": [
                "sha256:4f80384684bdc1ef5403bffdabfd5791f7c744ff2ced76953dd3178ebc74bf1a"
            ],
            "version": "==3.4.2"
        },
        "pytest": {
            "hashes": [
                "sha256:82924efb5ea783a72234682a0e8049d84f5eaebcaac3c8c0893b7eae97f28380",
                "sha256:b30457f735420d0000d10a44bbd478cf03f8bf20e25bd77248f9bab40f4fd6a4"
            ],
            "version": "==2.7.2"
        },
        "requests": {
            "hashes": [
                "sha256:20f976cdce02a42b69ce80e9e03897a51814b36d448b37288546086ebc473146",
                "sha256:398a3db6d61899d25fd4a06c6ca12051b0ce171d705decd7ed5511517b4bb93d"
            ],
            "version": "==2.7.0"
        },
        "six": {
            "hashes": [
                "sha256:832dc0e10feb1aa2c68dcc57dbb658f1c7e65b9b61af69048abc87a2db00a0eb",
                "sha256:70e8a77beed4562e7f14fe23a786b54f6296e34344c23bc42f07b15018ff98e9"
            ],
            "version": "==1.11.0"
        },
        "telebot": {
            "hashes": [
                "sha256:f9f9dfd706de3ea10d1bb626dc8c453f98b8daaabfdd11030ea7506ced0a914a"
            ],
            "version": "==0.0.3"
        },
        "urllib3": {
            "hashes": [
                "sha256:06330f386d6e4b195fbfc736b297f58c5a892e4440e54d294d7004e3a9bbea1b",
                "sha256:cc44da8e1145637334317feebd728bd869a35285b93cbb4cca2577da7e62db4f"
            ],
            "version": "==1.22"
        }
    },
    "develop": {}
}
